
Microsoft Visual Studio Solution File, Format Version 12.00
Project("{FAE04EC0-301F-11D3-BF4B-00C04F79EFBC}") = "FoodOrder.Endpoint", "FoodOrder.Endpoint\FoodOrder.Endpoint.csproj", "{B1E5F28C-1AFE-494A-BBAC-8B75ED31F5BC}"
EndProject
Project("{FAE04EC0-301F-11D3-BF4B-00C04F79EFBC}") = "FoodOrder.Entities", "FoodOrder.Entities\FoodOrder.Entities.csproj", "{5BC2B551-8115-4849-9BFA-9AFE7C7135CC}"
EndProject
Project("{FAE04EC0-301F-11D3-BF4B-00C04F79EFBC}") = "FoodOrder.Data", "FoodOrder.Data\FoodOrder.Data.csproj", "{CB576267-4335-454C-AA67-8E497C8C8870}"
EndProject
Project("{FAE04EC0-301F-11D3-BF4B-00C04F79EFBC}") = "FoodOrder.Logic", "FoodOrder.Logic\FoodOrder.Logic.csproj", "{E5D1187C-6E61-48D1-A549-F6550D36C2C5}"
EndProject
Project("{FAE04EC0-301F-11D3-BF4B-00C04F79EFBC}") = "FoodOrder.Client", "FoodOrder.Client\FoodOrder.Client.csproj", "{C8887D18-B9E9-4F0D-93A3-32CFF181D24E}"
EndProject
Global
	GlobalSection(SolutionConfigurationPlatforms) = preSolution
		Debug|Any CPU = Debug|Any CPU
		Release|Any CPU = Release|Any CPU
	EndGlobalSection
	GlobalSection(ProjectConfigurationPlatforms) = postSolution
		{B1E5F28C-1AFE-494A-BBAC-8B75ED31F5BC}.Debug|Any CPU.ActiveCfg = Debug|Any CPU
		{B1E5F28C-1AFE-494A-BBAC-8B75ED31F5BC}.Debug|Any CPU.Build.0 = Debug|Any CPU
		{B1E5F28C-1AFE-494A-BBAC-8B75ED31F5BC}.Release|Any CPU.ActiveCfg = Release|Any CPU
		{B1E5F28C-1AFE-494A-BBAC-8B75ED31F5BC}.Release|Any CPU.Build.0 = Release|Any CPU
		{5BC2B551-8115-4849-9BFA-9AFE7C7135CC}.Debug|Any CPU.ActiveCfg = Debug|Any CPU
		{5BC2B551-8115-4849-9BFA-9AFE7C7135CC}.Debug|Any CPU.Build.0 = Debug|Any CPU
		{5BC2B551-8115-4849-9BFA-9AFE7C7135CC}.Release|Any CPU.ActiveCfg = Release|Any CPU
		{5BC2B551-8115-4849-9BFA-9AFE7C7135CC}.Release|Any CPU.Build.0 = Release|Any CPU
		{CB576267-4335-454C-AA67-8E497C8C8870}.Debug|Any CPU.ActiveCfg = Debug|Any CPU
		{CB576267-4335-454C-AA67-8E497C8C8870}.Debug|Any CPU.Build.0 = Debug|Any CPU
		{CB576267-4335-454C-AA67-8E497C8C8870}.Release|Any CPU.ActiveCfg = Release|Any CPU
		{CB576267-4335-454C-AA67-8E497C8C8870}.Release|Any CPU.Build.0 = Release|Any CPU
		{E5D1187C-6E61-48D1-A549-F6550D36C2C5}.Debug|Any CPU.ActiveCfg = Debug|Any CPU
		{E5D1187C-6E61-48D1-A549-F6550D36C2C5}.Debug|Any CPU.Build.0 = Debug|Any CPU
		{E5D1187C-6E61-48D1-A549-F6550D36C2C5}.Release|Any CPU.ActiveCfg = Release|Any CPU
		{E5D1187C-6E61-48D1-A549-F6550D36C2C5}.Release|Any CPU.Build.0 = Release|Any CPU
		{C8887D18-B9E9-4F0D-93A3-32CFF181D24E}.Debug|Any CPU.ActiveCfg = Debug|Any CPU
		{C8887D18-B9E9-4F0D-93A3-32CFF181D24E}.Debug|Any CPU.Build.0 = Debug|Any CPU
		{C8887D18-B9E9-4F0D-93A3-32CFF181D24E}.Release|Any CPU.ActiveCfg = Release|Any CPU
		{C8887D18-B9E9-4F0D-93A3-32CFF181D24E}.Release|Any CPU.Build.0 = Release|Any CPU
	EndGlobalSection
EndGlobal
